
Microsoft Visual Studio Solution File, Format Version 12.00
# Visual Studio Version 17
VisualStudioVersion = 17.13.35825.156 d17.13
MinimumVisualStudioVersion = 10.0.40219.1
Project("{FAE04EC0-301F-11D3-BF4B-00C04F79EFBC}") = "Interview OOP", "Interview OOP\Interview OOP.csproj", "{C9265C6D-B977-40F3-85BC-237EB934D286}"
EndProject
Global
	GlobalSection(SolutionConfigurationPlatforms) = preSolution
		Debug|Any CPU = Debug|Any CPU
		Release|Any CPU = Release|Any CPU
	EndGlobalSection
	GlobalSection(ProjectConfigurationPlatforms) = postSolution
		{C9265C6D-B977-40F3-85BC-237EB934D286}.Debug|Any CPU.ActiveCfg = Debug|Any CPU
		{C9265C6D-B977-40F3-85BC-237EB934D286}.Debug|Any CPU.Build.0 = Debug|Any CPU
		{C9265C6D-B977-40F3-85BC-237EB934D286}.Release|Any CPU.ActiveCfg = Release|Any CPU
		{C9265C6D-B977-40F3-85BC-237EB934D286}.Release|Any CPU.Build.0 = Release|Any CPU
	EndGlobalSection
	GlobalSection(SolutionProperties) = preSolution
		HideSolutionNode = FALSE
	EndGlobalSection
	GlobalSection(ExtensibilityGlobals) = postSolution
		SolutionGuid = {28AC0A95-2669-474C-8282-37B8C0A51401}
	EndGlobalSection
EndGlobal
